
Microsoft Visual Studio Solution File, Format Version 12.00
# Visual Studio Version 17
VisualStudioVersion = 17.6.33723.286
MinimumVisualStudioVersion = 10.0.40219.1
Project("{FAE04EC0-301F-11D3-BF4B-00C04F79EFBC}") = "GUIDGenWpf", "GUIDGenWpf.csproj", "{28862565-8AEF-4F6B-AD17-3FFC53DF91BB}"
EndProject
Global
	GlobalSection(SolutionConfigurationPlatforms) = preSolution
		Debug|Any CPU = Debug|Any CPU
		Release|Any CPU = Release|Any CPU
	EndGlobalSection
	GlobalSection(ProjectConfigurationPlatforms) = postSolution
		{28862565-8AEF-4F6B-AD17-3FFC53DF91BB}.Debug|Any CPU.ActiveCfg = Debug|Any CPU
		{28862565-8AEF-4F6B-AD17-3FFC53DF91BB}.Debug|Any CPU.Build.0 = Debug|Any CPU
		{28862565-8AEF-4F6B-AD17-3FFC53DF91BB}.Release|Any CPU.ActiveCfg = Release|Any CPU
		{28862565-8AEF-4F6B-AD17-3FFC53DF91BB}.Release|Any CPU.Build.0 = Release|Any CPU
	EndGlobalSection
	GlobalSection(SolutionProperties) = preSolution
		HideSolutionNode = FALSE
	EndGlobalSection
	GlobalSection(ExtensibilityGlobals) = postSolution
		SolutionGuid = {98543AEB-FF1F-448E-8F7D-4F40E59CB7C8}
	EndGlobalSection
EndGlobal
